// !$*UTF8*$!
{
	archiveVersion = 1;
	classes = {
	};
	objectVersion = 46;
	objects = {

/* Begin PBXBuildFile section */
		DDD903471C14CBFD00EDD8C2 /* AppDelegate.swift in Sources */ = {isa = PBXBuildFile; fileRef = DDD903461C14CBFD00EDD8C2 /* AppDelegate.swift */; };
		DDD903491C14CBFD00EDD8C2 /* ViewController.swift in Sources */ = {isa = PBXBuildFile; fileRef = DDD903481C14CBFD00EDD8C2 /* ViewController.swift */; };
		DDD9034C1C14CBFD00EDD8C2 /* Main.storyboard in Resources */ = {isa = PBXBuildFile; fileRef = DDD9034A1C14CBFD00EDD8C2 /* Main.storyboard */; };
		DDD9034E1C14CBFD00EDD8C2 /* Assets.xcassets in Resources */ = {isa = PBXBuildFile; fileRef = DDD9034D1C14CBFD00EDD8C2 /* Assets.xcassets */; };
		DDD903511C14CBFD00EDD8C2 /* LaunchScreen.storyboard in Resources */ = {isa = PBXBuildFile; fileRef = DDD9034F1C14CBFD00EDD8C2 /* LaunchScreen.storyboard */; };
		DDD903591C14CC7900EDD8C2 /* Datos.swift in Sources */ = {isa = PBXBuildFile; fileRef = DDD903581C14CC7900EDD8C2 /* Datos.swift */; };
/* End PBXBuildFile section */

/* Begin PBXFileReference section */
		DDD903431C14CBFD00EDD8C2 /* Hamburguesas en el Mundo.app */ = {isa = PBXFileReference; explicitFileType = wrapper.application; includeInIndex = 0; path = "Hamburguesas en el Mundo.app"; sourceTree = BUILT_PRODUCTS_DIR; };
		DDD903461C14CBFD00EDD8C2 /* AppDelegate.swift */ = {isa = PBXFileReference; lastKnownFileType = sourcecode.swift; path = AppDelegate.swift; sourceTree = "<group>"; };
		DDD903481C14CBFD00EDD8C2 /* ViewController.swift */ = {isa = PBXFileReference; lastKnownFileType = sourcecode.swift; path = ViewController.swift; sourceTree = "<group>"; };
		DDD9034B1C14CBFD00EDD8C2 /* Base */ = {isa = PBXFileReference; lastKnownFileType = file.storyboard; name = Base; path = Base.lproj/Main.storyboard; sourceTree = "<group>"; };
		DDD9034D1C14CBFD00EDD8C2 /* Assets.xcassets */ = {isa = PBXFileReference; lastKnownFileType = folder.assetcatalog; path = Assets.xcassets; sourceTree = "<group>"; };
		DDD903501C14CBFD00EDD8C2 /* Base */ = {isa = PBXFileReference; lastKnownFileType = file.storyboard; name = Base; path = Base.lproj/LaunchScreen.storyboard; sourceTree = "<group>"; };
		DDD903521C14CBFD00EDD8C2 /* Info.plist */ = {isa = PBXFileReference; lastKnownFileType = text.plist.xml; path = Info.plist; sourceTree = "<group>"; };
		DDD903581C14CC7900EDD8C2 /* Datos.swift */ = {isa = PBXFileReference; fileEncoding = 4; lastKnownFileType = sourcecode.swift; path = Datos.swift; sourceTree = "<group>"; };
/* End PBXFileReference section */

/* Begin PBXFrameworksBuildPhase section */
		DDD903401C14CBFD00EDD8C2 /* Frameworks */ = {
			isa = PBXFrameworksBuildPhase;
			buildActionMask = 2147483647;
			files = (
			);
			runOnlyForDeploymentPostprocessing = 0;
		};
/* End PBXFrameworksBuildPhase section */

/* Begin PBXGroup section */
		DDD9033A1C14CBFD00EDD8C2 = {
			isa = PBXGroup;
			children = (
				DDD903451C14CBFD00EDD8C2 /* Hamburguesas en el Mundo */,
				DDD903441C14CBFD00EDD8C2 /* Products */,
			);
			sourceTree = "<group>";
		};
		DDD903441C14CBFD00EDD8C2 /* Products */ = {
			isa = PBXGroup;
			children = (
				DDD903431C14CBFD00EDD8C2 /* Hamburguesas en el Mundo.app */,
			);
			name = Products;
			sourceTree = "<group>";
		};
		DDD903451C14CBFD00EDD8C2 /* Hamburguesas en el Mundo */ = {
			isa = PBXGroup;
			children = (
				DDD903461C14CBFD00EDD8C2 /* AppDelegate.swift */,
				DDD903481C14CBFD00EDD8C2 /* ViewController.swift */,
				DDD9034A1C14CBFD00EDD8C2 /* Main.storyboard */,
				DDD9034D1C14CBFD00EDD8C2 /* Assets.xcassets */,
				DDD9034F1C14CBFD00EDD8C2 /* LaunchScreen.storyboard */,
				DDD903521C14CBFD00EDD8C2 /* Info.plist */,
				DDD903581C14CC7900EDD8C2 /* Datos.swift */,
			);
			path = "Hamburguesas en el Mundo";
			sourceTree = "<group>";
		};
/* End PBXGroup section */

/* Begin PBXNativeTarget section */
		DDD903421C14CBFD00EDD8C2 /* Hamburguesas en el Mundo */ = {
			isa = PBXNativeTarget;
			buildConfigurationList = DDD903551C14CBFD00EDD8C2 /* Build configuration list for PBXNativeTarget "Hamburguesas en el Mundo" */;
			buildPhases = (
				DDD9033F1C14CBFD00EDD8C2 /* Sources */,
				DDD903401C14CBFD00EDD8C2 /* Frameworks */,
				DDD903411C14CBFD00EDD8C2 /* Resources */,
			);
			buildRules = (
			);
			dependencies = (
			);
			name = "Hamburguesas en el Mundo";
			productName = "Hamburguesas en el Mundo";
			productReference = DDD903431C14CBFD00EDD8C2 /* Hamburguesas en el Mundo.app */;
			productType = "com.apple.product-type.application";
		};
/* End PBXNativeTarget section */

/* Begin PBXProject section */
		DDD9033B1C14CBFD00EDD8C2 /* Project object */ = {
			isa = PBXProject;
			attributes = {
				LastSwiftUpdateCheck = 0710;
				LastUpgradeCheck = 0710;
				ORGANIZATIONNAME = spezzino;
				TargetAttributes = {
					DDD903421C14CBFD00EDD8C2 = {
						CreatedOnToolsVersion = 7.1.1;
					};
				};
			};
			buildConfigurationList = DDD9033E1C14CBFD00EDD8C2 /* Build configuration list for PBXProject "Hamburguesas en el Mundo" */;
			compatibilityVersion = "Xcode 3.2";
			developmentRegion = English;
			hasScannedForEncodings = 0;
			knownRegions = (
				en,
				Base,
			);
			mainGroup = DDD9033A1C14CBFD00EDD8C2;
			productRefGroup = DDD903441C14CBFD00EDD8C2 /* Products */;
			projectDirPath = "";
			projectRoot = "";
			targets = (
				DDD903421C14CBFD00EDD8C2 /* Hamburguesas en el Mundo */,
			);
		};
/* End PBXProject section */

/* Begin PBXResourcesBuildPhase section */
		DDD903411C14CBFD00EDD8C2 /* Resources */ = {
			isa = PBXResourcesBuildPhase;
			buildActionMask = 2147483647;
			files = (
				DDD903511C14CBFD00EDD8C2 /* LaunchScreen.storyboard in Resources */,
				DDD9034E1C14CBFD00EDD8C2 /* Assets.xcassets in Resources */,
				DDD9034C1C14CBFD00EDD8C2 /* Main.storyboard in Resources */,
			);
			runOnlyForDeploymentPostprocessing = 0;
		};
/* End PBXResourcesBuildPhase section */

/* Begin PBXSourcesBuildPhase section */
		DDD9033F1C14CBFD00EDD8C2 /* Sources */ = {
			isa = PBXSourcesBuildPhase;
			buildActionMask = 2147483647;
			files = (
				DDD903491C14CBFD00EDD8C2 /* ViewController.swift in Sources */,
				DDD903471C14CBFD00EDD8C2 /* AppDelegate.swift in Sources */,
				DDD903591C14CC7900EDD8C2 /* Datos.swift in Sources */,
			);
			runOnlyForDeploymentPostprocessing = 0;
		};
/* End PBXSourcesBuildPhase section */

/* Begin PBXVariantGroup section */
		DDD9034A1C14CBFD00EDD8C2 /* Main.storyboard */ = {
			isa = PBXVariantGroup;
			children = (
				DDD9034B1C14CBFD00EDD8C2 /* Base */,
			);
			name = Main.storyboard;
			sourceTree = "<group>";
		};
		DDD9034F1C14CBFD00EDD8C2 /* LaunchScreen.storyboard */ = {
			isa = PBXVariantGroup;
			children = (
				DDD903501C14CBFD00EDD8C2 /* Base */,
			);
			name = LaunchScreen.storyboard;
			sourceTree = "<group>";
		};
/* End PBXVariantGroup section */

/* Begin XCBuildConfiguration section */
		DDD903531C14CBFD00EDD8C2 /* Debug */ = {
			isa = XCBuildConfiguration;
			buildSettings = {
				ALWAYS_SEARCH_USER_PATHS = NO;
				CLANG_CXX_LANGUAGE_STANDARD = "gnu++0x";
				CLANG_CXX_LIBRARY = "libc++";
				CLANG_ENABLE_MODULES = YES;
				CLANG_ENABLE_OBJC_ARC = YES;
				CLANG_WARN_BOOL_CONVERSION = YES;
				CLANG_WARN_CONSTANT_CONVERSION = YES;
				CLANG_WARN_DIRECT_OBJC_ISA_USAGE = YES_ERROR;
				CLANG_WARN_EMPTY_BODY = YES;
				CLANG_WARN_ENUM_CONVERSION = YES;
				CLANG_WARN_INT_CONVERSION = YES;
				CLANG_WARN_OBJC_ROOT_CLASS = YES_ERROR;
				CLANG_WARN_UNREACHABLE_CODE = YES;
				CLANG_WARN__DUPLICATE_METHOD_MATCH = YES;
				"CODE_SIGN_IDENTITY[sdk=iphoneos*]" = "iPhone Developer";
				COPY_PHASE_STRIP = NO;
				DEBUG_INFORMATION_FORMAT = dwarf;
				ENABLE_STRICT_OBJC_MSGSEND = YES;
				ENABLE_TESTABILITY = YES;
				GCC_C_LANGUAGE_STANDARD = gnu99;
				GCC_DYNAMIC_NO_PIC = NO;
				GCC_NO_COMMON_BLOCKS = YES;
				GCC_OPTIMIZATION_LEVEL = 0;
				GCC_PREPROCESSOR_DEFINITIONS = (
					"DEBUG=1",
					"$(inherited)",
				);
				GCC_WARN_64_TO_32_BIT_CONVERSION = YES;
				GCC_WARN_ABOUT_RETURN_TYPE = YES_ERROR;
				GCC_WARN_UNDECLARED_SELECTOR = YES;
				GCC_WARN_UNINITIALIZED_AUTOS = YES_AGGRESSIVE;
				GCC_WARN_UNUSED_FUNCTION = YES;
				GCC_WARN_UNUSED_VARIABLE = YES;
				IPHONEOS_DEPLOYMENT_TARGET = 9.1;
				MTL_ENABLE_DEBUG_INFO = YES;
				ONLY_ACTIVE_ARCH = YES;
				SDKROOT = iphoneos;
				SWIFT_OPTIMIZATION_LEVEL = "-Onone";
			};
			name = Debug;
		};
		DDD903541C14CBFD00EDD8C2 /* Release */ = {
			isa = XCBuildConfiguration;
			buildSettings = {
				ALWAYS_SEARCH_USER_PATHS = NO;
				CLANG_CXX_LANGUAGE_STANDARD = "gnu++0x";
				CLANG_CXX_LIBRARY = "libc++";
				CLANG_ENABLE_MODULES = YES;
				CLANG_ENABLE_OBJC_ARC = YES;
				CLANG_WARN_BOOL_CONVERSION = YES;
				CLANG_WARN_CONSTANT_CONVERSION = YES;
				CLANG_WARN_DIRECT_OBJC_ISA_USAGE = YES_ERROR;
				CLANG_WARN_EMPTY_BODY = YES;
				CLANG_WARN_ENUM_CONVERSION = YES;
				CLANG_WARN_INT_CONVERSION = YES;
				CLANG_WARN_OBJC_ROOT_CLASS = YES_ERROR;
				CLANG_WARN_UNREACHABLE_CODE = YES;
				CLANG_WARN__DUPLICATE_METHOD_MATCH = YES;
				"CODE_SIGN_IDENTITY[sdk=iphoneos*]" = "iPhone Developer";
				COPY_PHASE_STRIP = NO;
				DEBUG_INFORMATION_FORMAT = "dwarf-with-dsym";
				ENABLE_NS_ASSERTIONS = NO;
				ENABLE_STRICT_OBJC_MSGSEND = YES;
				GCC_C_LANGUAGE_STANDARD = gnu99;
				GCC_NO_COMMON_BLOCKS = YES;
				GCC_WARN_64_TO_32_BIT_CONVERSION = YES;
				GCC_WARN_ABOUT_RETURN_TYPE = YES_ERROR;
				GCC_WARN_UNDECLARED_SELECTOR = YES;
				GCC_WARN_UNINITIALIZED_AUTOS = YES_AGGRESSIVE;
				GCC_WARN_UNUSED_FUNCTION = YES;
				GCC_WARN_UNUSED_VARIABLE = YES;
				IPHONEOS_DEPLOYMENT_TARGET = 9.1;
				MTL_ENABLE_DEBUG_INFO = NO;
				SDKROOT = iphoneos;
				VALIDATE_PRODUCT = YES;
			};
			name = Release;
		};
		DDD903561C14CBFD00EDD8C2 /* Debug */ = {
			isa = XCBuildConfiguration;
			buildSettings = {
				ASSETCATALOG_COMPILER_APPICON_NAME = AppIcon;
				INFOPLIST_FILE = "Hamburguesas en el Mundo/Info.plist";
				LD_RUNPATH_SEARCH_PATHS = "$(inherited) @executable_path/Frameworks";
				PRODUCT_BUNDLE_IDENTIFIER = "SP.Hamburguesas-en-el-Mundo";
				PRODUCT_NAME = "$(TARGET_NAME)";
			};
			name = Debug;
		};
		DDD903571C14CBFD00EDD8C2 /* Release */ = {
			isa = XCBuildConfiguration;
			buildSettings = {
				ASSETCATALOG_COMPILER_APPICON_NAME = AppIcon;
				INFOPLIST_FILE = "Hamburguesas en el Mundo/Info.plist";
				LD_RUNPATH_SEARCH_PATHS = "$(inherited) @executable_path/Frameworks";
				PRODUCT_BUNDLE_IDENTIFIER = "SP.Hamburguesas-en-el-Mundo";
				PRODUCT_NAME = "$(TARGET_NAME)";
			};
			name = Release;
		};
/* End XCBuildConfiguration section */

/* Begin XCConfigurationList section */
		DDD9033E1C14CBFD00EDD8C2 /* Build configuration list for PBXProject "Hamburguesas en el Mundo" */ = {
			isa = XCConfigurationList;
			buildConfigurations = (
				DDD903531C14CBFD00EDD8C2 /* Debug */,
				DDD903541C14CBFD00EDD8C2 /* Release */,
			);
			defaultConfigurationIsVisible = 0;
			defaultConfigurationName = Release;
		};
		DDD903551C14CBFD00EDD8C2 /* Build configuration list for PBXNativeTarget "Hamburguesas en el Mundo" */ = {
			isa = XCConfigurationList;
			buildConfigurations = (
				DDD903561C14CBFD00EDD8C2 /* Debug */,
				DDD903571C14CBFD00EDD8C2 /* Release */,
			);
			defaultConfigurationIsVisible = 0;
		};
/* End XCConfigurationList section */
	};
	rootObject = DDD9033B1C14CBFD00EDD8C2 /* Project object */;
}
